// !$*UTF8*$!
{
	archiveVersion = 1;
	classes = {
	};
	objectVersion = 48;
	objects = {

/* Begin PBXBuildFile section */
		65931FBF20A5775F006BB8FA /* AppDelegate.m in Sources */ = {isa = PBXBuildFile; fileRef = 65931FBE20A5775F006BB8FA /* AppDelegate.m */; };
		65931FC220A5775F006BB8FA /* ViewController.m in Sources */ = {isa = PBXBuildFile; fileRef = 65931FC120A5775F006BB8FA /* ViewController.m */; };
		65931FC720A5775F006BB8FA /* Assets.xcassets in Resources */ = {isa = PBXBuildFile; fileRef = 65931FC620A5775F006BB8FA /* Assets.xcassets */; };
		65931FCD20A5775F006BB8FA /* main.m in Sources */ = {isa = PBXBuildFile; fileRef = 65931FCC20A5775F006BB8FA /* main.m */; };
		65931FD720A5775F006BB8FA /* SanboxTests.m in Sources */ = {isa = PBXBuildFile; fileRef = 65931FD620A5775F006BB8FA /* SanboxTests.m */; };
		65931FE220A5775F006BB8FA /* SanboxUITests.m in Sources */ = {isa = PBXBuildFile; fileRef = 65931FE120A5775F006BB8FA /* SanboxUITests.m */; };
		6593200520A57823006BB8FA /* TestViewController.m in Sources */ = {isa = PBXBuildFile; fileRef = 6593200420A57823006BB8FA /* TestViewController.m */; };
		6593204820A58A28006BB8FA /* LogInViewController.m in Sources */ = {isa = PBXBuildFile; fileRef = 6593204720A58A28006BB8FA /* LogInViewController.m */; };
		6593204C20A58A6D006BB8FA /* LoginModel.m in Sources */ = {isa = PBXBuildFile; fileRef = 6593204B20A58A6D006BB8FA /* LoginModel.m */; };
		6593205020A58AC6006BB8FA /* LogInReq.m in Sources */ = {isa = PBXBuildFile; fileRef = 6593204F20A58AC6006BB8FA /* LogInReq.m */; };
		6593205520A58B76006BB8FA /* ShareView.m in Sources */ = {isa = PBXBuildFile; fileRef = 6593205420A58B76006BB8FA /* ShareView.m */; };
/* End PBXBuildFile section */

/* Begin PBXContainerItemProxy section */
		65931FD320A5775F006BB8FA /* PBXContainerItemProxy */ = {
			isa = PBXContainerItemProxy;
			containerPortal = 65931FB220A5775F006BB8FA /* Project object */;
			proxyType = 1;
			remoteGlobalIDString = 65931FB920A5775F006BB8FA;
			remoteInfo = Sanbox;
		};
		65931FDE20A5775F006BB8FA /* PBXContainerItemProxy */ = {
			isa = PBXContainerItemProxy;
			containerPortal = 65931FB220A5775F006BB8FA /* Project object */;
			proxyType = 1;
			remoteGlobalIDString = 65931FB920A5775F006BB8FA;
			remoteInfo = Sanbox;
		};
/* End PBXContainerItemProxy section */

/* Begin PBXFileReference section */
		65931FBA20A5775F006BB8FA /* Sanbox.app */ = {isa = PBXFileReference; explicitFileType = wrapper.application; includeInIndex = 0; path = Sanbox.app; sourceTree = BUILT_PRODUCTS_DIR; };
		65931FBD20A5775F006BB8FA /* AppDelegate.h */ = {isa = PBXFileReference; lastKnownFileType = sourcecode.c.h; path = AppDelegate.h; sourceTree = "<group>"; };
		65931FBE20A5775F006BB8FA /* AppDelegate.m */ = {isa = PBXFileReference; lastKnownFileType = sourcecode.c.objc; path = AppDelegate.m; sourceTree = "<group>"; };
		65931FC020A5775F006BB8FA /* ViewController.h */ = {isa = PBXFileReference; lastKnownFileType = sourcecode.c.h; path = ViewController.h; sourceTree = "<group>"; };
		65931FC120A5775F006BB8FA /* ViewController.m */ = {isa = PBXFileReference; lastKnownFileType = sourcecode.c.objc; path = ViewController.m; sourceTree = "<group>"; };
		65931FC620A5775F006BB8FA /* Assets.xcassets */ = {isa = PBXFileReference; lastKnownFileType = folder.assetcatalog; path = Assets.xcassets; sourceTree = "<group>"; };
		65931FCB20A5775F006BB8FA /* Info.plist */ = {isa = PBXFileReference; lastKnownFileType = text.plist.xml; path = Info.plist; sourceTree = "<group>"; };
		65931FCC20A5775F006BB8FA /* main.m */ = {isa = PBXFileReference; lastKnownFileType = sourcecode.c.objc; path = main.m; sourceTree = "<group>"; };
		65931FD220A5775F006BB8FA /* SanboxTests.xctest */ = {isa = PBXFileReference; explicitFileType = wrapper.cfbundle; includeInIndex = 0; path = SanboxTests.xctest; sourceTree = BUILT_PRODUCTS_DIR; };
		65931FD620A5775F006BB8FA /* SanboxTests.m */ = {isa = PBXFileReference; lastKnownFileType = sourcecode.c.objc; path = SanboxTests.m; sourceTree = "<group>"; };
		65931FD820A5775F006BB8FA /* Info.plist */ = {isa = PBXFileReference; lastKnownFileType = text.plist.xml; path = Info.plist; sourceTree = "<group>"; };
		65931FDD20A5775F006BB8FA /* SanboxUITests.xctest */ = {isa = PBXFileReference; explicitFileType = wrapper.cfbundle; includeInIndex = 0; path = SanboxUITests.xctest; sourceTree = BUILT_PRODUCTS_DIR; };
		65931FE120A5775F006BB8FA /* SanboxUITests.m */ = {isa = PBXFileReference; lastKnownFileType = sourcecode.c.objc; path = SanboxUITests.m; sourceTree = "<group>"; };
		65931FE320A5775F006BB8FA /* Info.plist */ = {isa = PBXFileReference; lastKnownFileType = text.plist.xml; path = Info.plist; sourceTree = "<group>"; };
		6593200320A57823006BB8FA /* TestViewController.h */ = {isa = PBXFileReference; lastKnownFileType = sourcecode.c.h; path = TestViewController.h; sourceTree = "<group>"; };
		6593200420A57823006BB8FA /* TestViewController.m */ = {isa = PBXFileReference; lastKnownFileType = sourcecode.c.objc; path = TestViewController.m; sourceTree = "<group>"; };
		6593204620A58A28006BB8FA /* LogInViewController.h */ = {isa = PBXFileReference; lastKnownFileType = sourcecode.c.h; path = LogInViewController.h; sourceTree = "<group>"; };
		6593204720A58A28006BB8FA /* LogInViewController.m */ = {isa = PBXFileReference; lastKnownFileType = sourcecode.c.objc; path = LogInViewController.m; sourceTree = "<group>"; };
		6593204A20A58A6D006BB8FA /* LoginModel.h */ = {isa = PBXFileReference; lastKnownFileType = sourcecode.c.h; path = LoginModel.h; sourceTree = "<group>"; };
		6593204B20A58A6D006BB8FA /* LoginModel.m */ = {isa = PBXFileReference; lastKnownFileType = sourcecode.c.objc; path = LoginModel.m; sourceTree = "<group>"; };
		6593204E20A58AC6006BB8FA /* LogInReq.h */ = {isa = PBXFileReference; lastKnownFileType = sourcecode.c.h; path = LogInReq.h; sourceTree = "<group>"; };
		6593204F20A58AC6006BB8FA /* LogInReq.m */ = {isa = PBXFileReference; lastKnownFileType = sourcecode.c.objc; path = LogInReq.m; sourceTree = "<group>"; };
		6593205320A58B76006BB8FA /* ShareView.h */ = {isa = PBXFileReference; lastKnownFileType = sourcecode.c.h; path = ShareView.h; sourceTree = "<group>"; };
		6593205420A58B76006BB8FA /* ShareView.m */ = {isa = PBXFileReference; lastKnownFileType = sourcecode.c.objc; path = ShareView.m; sourceTree = "<group>"; };
/* End PBXFileReference section */

/* Begin PBXFrameworksBuildPhase section */
		65931FB720A5775F006BB8FA /* Frameworks */ = {
			isa = PBXFrameworksBuildPhase;
			buildActionMask = 2147483647;
			files = (
			);
			runOnlyForDeploymentPostprocessing = 0;
		};
		65931FCF20A5775F006BB8FA /* Frameworks */ = {
			isa = PBXFrameworksBuildPhase;
			buildActionMask = 2147483647;
			files = (
			);
			runOnlyForDeploymentPostprocessing = 0;
		};
		65931FDA20A5775F006BB8FA /* Frameworks */ = {
			isa = PBXFrameworksBuildPhase;
			buildActionMask = 2147483647;
			files = (
			);
			runOnlyForDeploymentPostprocessing = 0;
		};
/* End PBXFrameworksBuildPhase section */

/* Begin PBXGroup section */
		65931FB120A5775F006BB8FA = {
			isa = PBXGroup;
			children = (
				65931FBC20A5775F006BB8FA /* Sanbox */,
				65931FD520A5775F006BB8FA /* SanboxTests */,
				65931FE020A5775F006BB8FA /* SanboxUITests */,
				65931FBB20A5775F006BB8FA /* Products */,
			);
			sourceTree = "<group>";
		};
		65931FBB20A5775F006BB8FA /* Products */ = {
			isa = PBXGroup;
			children = (
				65931FBA20A5775F006BB8FA /* Sanbox.app */,
				65931FD220A5775F006BB8FA /* SanboxTests.xctest */,
				65931FDD20A5775F006BB8FA /* SanboxUITests.xctest */,
			);
			name = Products;
			sourceTree = "<group>";
		};
		65931FBC20A5775F006BB8FA /* Sanbox */ = {
			isa = PBXGroup;
			children = (
				6593205620A58DB3006BB8FA /* BaseRoute */,
				6593205120A58AEE006BB8FA /* OC组件 */,
				6593204520A589F1006BB8FA /* LogIn模块 */,
				6593204420A58513006BB8FA /* RoutesHelp */,
				65931FBD20A5775F006BB8FA /* AppDelegate.h */,
				65931FBE20A5775F006BB8FA /* AppDelegate.m */,
				65931FC020A5775F006BB8FA /* ViewController.h */,
				65931FC120A5775F006BB8FA /* ViewController.m */,
				6593200320A57823006BB8FA /* TestViewController.h */,
				6593200420A57823006BB8FA /* TestViewController.m */,
				65931FC620A5775F006BB8FA /* Assets.xcassets */,
				65931FCB20A5775F006BB8FA /* Info.plist */,
				65931FCC20A5775F006BB8FA /* main.m */,
			);
			path = Sanbox;
			sourceTree = "<group>";
		};
		65931FD520A5775F006BB8FA /* SanboxTests */ = {
			isa = PBXGroup;
			children = (
				65931FD620A5775F006BB8FA /* SanboxTests.m */,
				65931FD820A5775F006BB8FA /* Info.plist */,
			);
			path = SanboxTests;
			sourceTree = "<group>";
		};
		65931FE020A5775F006BB8FA /* SanboxUITests */ = {
			isa = PBXGroup;
			children = (
				65931FE120A5775F006BB8FA /* SanboxUITests.m */,
				65931FE320A5775F006BB8FA /* Info.plist */,
			);
			path = SanboxUITests;
			sourceTree = "<group>";
		};
		6593204420A58513006BB8FA /* RoutesHelp */ = {
			isa = PBXGroup;
			children = (
			);
			path = RoutesHelp;
			sourceTree = "<group>";
		};
		6593204520A589F1006BB8FA /* LogIn模块 */ = {
			isa = PBXGroup;
			children = (
				6593204D20A58A9D006BB8FA /* LogInReq */,
				6593204920A58A51006BB8FA /* LoginModel */,
				6593204620A58A28006BB8FA /* LogInViewController.h */,
				6593204720A58A28006BB8FA /* LogInViewController.m */,
			);
			path = "LogIn模块";
			sourceTree = "<group>";
		};
		6593204920A58A51006BB8FA /* LoginModel */ = {
			isa = PBXGroup;
			children = (
				6593204A20A58A6D006BB8FA /* LoginModel.h */,
				6593204B20A58A6D006BB8FA /* LoginModel.m */,
			);
			path = LoginModel;
			sourceTree = "<group>";
		};
		6593204D20A58A9D006BB8FA /* LogInReq */ = {
			isa = PBXGroup;
			children = (
				6593204E20A58AC6006BB8FA /* LogInReq.h */,
				6593204F20A58AC6006BB8FA /* LogInReq.m */,
			);
			path = LogInReq;
			sourceTree = "<group>";
		};
		6593205120A58AEE006BB8FA /* OC组件 */ = {
			isa = PBXGroup;
			children = (
				6593205220A58B50006BB8FA /* ShareView */,
			);
			path = "OC组件";
			sourceTree = "<group>";
		};
		6593205220A58B50006BB8FA /* ShareView */ = {
			isa = PBXGroup;
			children = (
				6593205320A58B76006BB8FA /* ShareView.h */,
				6593205420A58B76006BB8FA /* ShareView.m */,
			);
			path = ShareView;
			sourceTree = "<group>";
		};
		6593205620A58DB3006BB8FA /* BaseRoute */ = {
			isa = PBXGroup;
			children = (
			);
			path = BaseRoute;
			sourceTree = "<group>";
		};
/* End PBXGroup section */

/* Begin PBXNativeTarget section */
		65931FB920A5775F006BB8FA /* Sanbox */ = {
			isa = PBXNativeTarget;
			buildConfigurationList = 65931FE620A5775F006BB8FA /* Build configuration list for PBXNativeTarget "Sanbox" */;
			buildPhases = (
				65931FB620A5775F006BB8FA /* Sources */,
				65931FB720A5775F006BB8FA /* Frameworks */,
				65931FB820A5775F006BB8FA /* Resources */,
			);
			buildRules = (
			);
			dependencies = (
			);
			name = Sanbox;
			productName = Sanbox;
			productReference = 65931FBA20A5775F006BB8FA /* Sanbox.app */;
			productType = "com.apple.product-type.application";
		};
		65931FD120A5775F006BB8FA /* SanboxTests */ = {
			isa = PBXNativeTarget;
			buildConfigurationList = 65931FE920A5775F006BB8FA /* Build configuration list for PBXNativeTarget "SanboxTests" */;
			buildPhases = (
				65931FCE20A5775F006BB8FA /* Sources */,
				65931FCF20A5775F006BB8FA /* Frameworks */,
				65931FD020A5775F006BB8FA /* Resources */,
			);
			buildRules = (
			);
			dependencies = (
				65931FD420A5775F006BB8FA /* PBXTargetDependency */,
			);
			name = SanboxTests;
			productName = SanboxTests;
			productReference = 65931FD220A5775F006BB8FA /* SanboxTests.xctest */;
			productType = "com.apple.product-type.bundle.unit-test";
		};
		65931FDC20A5775F006BB8FA /* SanboxUITests */ = {
			isa = PBXNativeTarget;
			buildConfigurationList = 65931FEC20A5775F006BB8FA /* Build configuration list for PBXNativeTarget "SanboxUITests" */;
			buildPhases = (
				65931FD920A5775F006BB8FA /* Sources */,
				65931FDA20A5775F006BB8FA /* Frameworks */,
				65931FDB20A5775F006BB8FA /* Resources */,
			);
			buildRules = (
			);
			dependencies = (
				65931FDF20A5775F006BB8FA /* PBXTargetDependency */,
			);
			name = SanboxUITests;
			productName = SanboxUITests;
			productReference = 65931FDD20A5775F006BB8FA /* SanboxUITests.xctest */;
			productType = "com.apple.product-type.bundle.ui-testing";
		};
/* End PBXNativeTarget section */

/* Begin PBXProject section */
		65931FB220A5775F006BB8FA /* Project object */ = {
			isa = PBXProject;
			attributes = {
				LastUpgradeCheck = 0920;
				ORGANIZATIONNAME = zhangle;
				TargetAttributes = {
					65931FB920A5775F006BB8FA = {
						CreatedOnToolsVersion = 9.2;
						ProvisioningStyle = Automatic;
					};
					65931FD120A5775F006BB8FA = {
						CreatedOnToolsVersion = 9.2;
						ProvisioningStyle = Automatic;
						TestTargetID = 65931FB920A5775F006BB8FA;
					};
					65931FDC20A5775F006BB8FA = {
						CreatedOnToolsVersion = 9.2;
						ProvisioningStyle = Automatic;
						TestTargetID = 65931FB920A5775F006BB8FA;
					};
				};
			};
			buildConfigurationList = 65931FB520A5775F006BB8FA /* Build configuration list for PBXProject "Sanbox" */;
			compatibilityVersion = "Xcode 8.0";
			developmentRegion = en;
			hasScannedForEncodings = 0;
			knownRegions = (
				en,
				Base,
			);
			mainGroup = 65931FB120A5775F006BB8FA;
			productRefGroup = 65931FBB20A5775F006BB8FA /* Products */;
			projectDirPath = "";
			projectRoot = "";
			targets = (
				65931FB920A5775F006BB8FA /* Sanbox */,
				65931FD120A5775F006BB8FA /* SanboxTests */,
				65931FDC20A5775F006BB8FA /* SanboxUITests */,
			);
		};
/* End PBXProject section */

/* Begin PBXResourcesBuildPhase section */
		65931FB820A5775F006BB8FA /* Resources */ = {
			isa = PBXResourcesBuildPhase;
			buildActionMask = 2147483647;
			files = (
				65931FC720A5775F006BB8FA /* Assets.xcassets in Resources */,
			);
			runOnlyForDeploymentPostprocessing = 0;
		};
		65931FD020A5775F006BB8FA /* Resources */ = {
			isa = PBXResourcesBuildPhase;
			buildActionMask = 2147483647;
			files = (
			);
			runOnlyForDeploymentPostprocessing = 0;
		};
		65931FDB20A5775F006BB8FA /* Resources */ = {
			isa = PBXResourcesBuildPhase;
			buildActionMask = 2147483647;
			files = (
			);
			runOnlyForDeploymentPostprocessing = 0;
		};
/* End PBXResourcesBuildPhase section */

/* Begin PBXSourcesBuildPhase section */
		65931FB620A5775F006BB8FA /* Sources */ = {
			isa = PBXSourcesBuildPhase;
			buildActionMask = 2147483647;
			files = (
				65931FC220A5775F006BB8FA /* ViewController.m in Sources */,
				65931FCD20A5775F006BB8FA /* main.m in Sources */,
				6593205520A58B76006BB8FA /* ShareView.m in Sources */,
				6593200520A57823006BB8FA /* TestViewController.m in Sources */,
				6593204C20A58A6D006BB8FA /* LoginModel.m in Sources */,
				6593205020A58AC6006BB8FA /* LogInReq.m in Sources */,
				6593204820A58A28006BB8FA /* LogInViewController.m in Sources */,
				65931FBF20A5775F006BB8FA /* AppDelegate.m in Sources */,
			);
			runOnlyForDeploymentPostprocessing = 0;
		};
		65931FCE20A5775F006BB8FA /* Sources */ = {
			isa = PBXSourcesBuildPhase;
			buildActionMask = 2147483647;
			files = (
				65931FD720A5775F006BB8FA /* SanboxTests.m in Sources */,
			);
			runOnlyForDeploymentPostprocessing = 0;
		};
		65931FD920A5775F006BB8FA /* Sources */ = {
			isa = PBXSourcesBuildPhase;
			buildActionMask = 2147483647;
			files = (
				65931FE220A5775F006BB8FA /* SanboxUITests.m in Sources */,
			);
			runOnlyForDeploymentPostprocessing = 0;
		};
/* End PBXSourcesBuildPhase section */

/* Begin PBXTargetDependency section */
		65931FD420A5775F006BB8FA /* PBXTargetDependency */ = {
			isa = PBXTargetDependency;
			target = 65931FB920A5775F006BB8FA /* Sanbox */;
			targetProxy = 65931FD320A5775F006BB8FA /* PBXContainerItemProxy */;
		};
		65931FDF20A5775F006BB8FA /* PBXTargetDependency */ = {
			isa = PBXTargetDependency;
			target = 65931FB920A5775F006BB8FA /* Sanbox */;
			targetProxy = 65931FDE20A5775F006BB8FA /* PBXContainerItemProxy */;
		};
/* End PBXTargetDependency section */

/* Begin XCBuildConfiguration section */
		65931FE420A5775F006BB8FA /* Debug */ = {
			isa = XCBuildConfiguration;
			buildSettings = {
				ALWAYS_SEARCH_USER_PATHS = NO;
				CLANG_ANALYZER_NONNULL = YES;
				CLANG_ANALYZER_NUMBER_OBJECT_CONVERSION = YES_AGGRESSIVE;
				CLANG_CXX_LANGUAGE_STANDARD = "gnu++14";
				CLANG_CXX_LIBRARY = "libc++";
				CLANG_ENABLE_MODULES = YES;
				CLANG_ENABLE_OBJC_ARC = YES;
				CLANG_WARN_BLOCK_CAPTURE_AUTORELEASING = YES;
				CLANG_WARN_BOOL_CONVERSION = YES;
				CLANG_WARN_COMMA = YES;
				CLANG_WARN_CONSTANT_CONVERSION = YES;
				CLANG_WARN_DIRECT_OBJC_ISA_USAGE = YES_ERROR;
				CLANG_WARN_DOCUMENTATION_COMMENTS = YES;
				CLANG_WARN_EMPTY_BODY = YES;
				CLANG_WARN_ENUM_CONVERSION = YES;
				CLANG_WARN_INFINITE_RECURSION = YES;
				CLANG_WARN_INT_CONVERSION = YES;
				CLANG_WARN_NON_LITERAL_NULL_CONVERSION = YES;
				CLANG_WARN_OBJC_LITERAL_CONVERSION = YES;
				CLANG_WARN_OBJC_ROOT_CLASS = YES_ERROR;
				CLANG_WARN_RANGE_LOOP_ANALYSIS = YES;
				CLANG_WARN_STRICT_PROTOTYPES = YES;
				CLANG_WARN_SUSPICIOUS_MOVE = YES;
				CLANG_WARN_UNGUARDED_AVAILABILITY = YES_AGGRESSIVE;
				CLANG_WARN_UNREACHABLE_CODE = YES;
				CLANG_WARN__DUPLICATE_METHOD_MATCH = YES;
				CODE_SIGN_IDENTITY = "iPhone Developer";
				COPY_PHASE_STRIP = NO;
				DEBUG_INFORMATION_FORMAT = dwarf;
				ENABLE_STRICT_OBJC_MSGSEND = YES;
				ENABLE_TESTABILITY = YES;
				GCC_C_LANGUAGE_STANDARD = gnu11;
				GCC_DYNAMIC_NO_PIC = NO;
				GCC_NO_COMMON_BLOCKS = YES;
				GCC_OPTIMIZATION_LEVEL = 0;
				GCC_PREPROCESSOR_DEFINITIONS = (
					"DEBUG=1",
					"$(inherited)",
				);
				GCC_WARN_64_TO_32_BIT_CONVERSION = YES;
				GCC_WARN_ABOUT_RETURN_TYPE = YES_ERROR;
				GCC_WARN_UNDECLARED_SELECTOR = YES;
				GCC_WARN_UNINITIALIZED_AUTOS = YES_AGGRESSIVE;
				GCC_WARN_UNUSED_FUNCTION = YES;
				GCC_WARN_UNUSED_VARIABLE = YES;
				IPHONEOS_DEPLOYMENT_TARGET = 11.2;
				MTL_ENABLE_DEBUG_INFO = YES;
				ONLY_ACTIVE_ARCH = YES;
				SDKROOT = iphoneos;
			};
			name = Debug;
		};
		65931FE520A5775F006BB8FA /* Release */ = {
			isa = XCBuildConfiguration;
			buildSettings = {
				ALWAYS_SEARCH_USER_PATHS = NO;
				CLANG_ANALYZER_NONNULL = YES;
				CLANG_ANALYZER_NUMBER_OBJECT_CONVERSION = YES_AGGRESSIVE;
				CLANG_CXX_LANGUAGE_STANDARD = "gnu++14";
				CLANG_CXX_LIBRARY = "libc++";
				CLANG_ENABLE_MODULES = YES;
				CLANG_ENABLE_OBJC_ARC = YES;
				CLANG_WARN_BLOCK_CAPTURE_AUTORELEASING = YES;
				CLANG_WARN_BOOL_CONVERSION = YES;
				CLANG_WARN_COMMA = YES;
				CLANG_WARN_CONSTANT_CONVERSION = YES;
				CLANG_WARN_DIRECT_OBJC_ISA_USAGE = YES_ERROR;
				CLANG_WARN_DOCUMENTATION_COMMENTS = YES;
				CLANG_WARN_EMPTY_BODY = YES;
				CLANG_WARN_ENUM_CONVERSION = YES;
				CLANG_WARN_INFINITE_RECURSION = YES;
				CLANG_WARN_INT_CONVERSION = YES;
				CLANG_WARN_NON_LITERAL_NULL_CONVERSION = YES;
				CLANG_WARN_OBJC_LITERAL_CONVERSION = YES;
				CLANG_WARN_OBJC_ROOT_CLASS = YES_ERROR;
				CLANG_WARN_RANGE_LOOP_ANALYSIS = YES;
				CLANG_WARN_STRICT_PROTOTYPES = YES;
				CLANG_WARN_SUSPICIOUS_MOVE = YES;
				CLANG_WARN_UNGUARDED_AVAILABILITY = YES_AGGRESSIVE;
				CLANG_WARN_UNREACHABLE_CODE = YES;
				CLANG_WARN__DUPLICATE_METHOD_MATCH = YES;
				CODE_SIGN_IDENTITY = "iPhone Developer";
				COPY_PHASE_STRIP = NO;
				DEBUG_INFORMATION_FORMAT = "dwarf-with-dsym";
				ENABLE_NS_ASSERTIONS = NO;
				ENABLE_STRICT_OBJC_MSGSEND = YES;
				GCC_C_LANGUAGE_STANDARD = gnu11;
				GCC_NO_COMMON_BLOCKS = YES;
				GCC_WARN_64_TO_32_BIT_CONVERSION = YES;
				GCC_WARN_ABOUT_RETURN_TYPE = YES_ERROR;
				GCC_WARN_UNDECLARED_SELECTOR = YES;
				GCC_WARN_UNINITIALIZED_AUTOS = YES_AGGRESSIVE;
				GCC_WARN_UNUSED_FUNCTION = YES;
				GCC_WARN_UNUSED_VARIABLE = YES;
				IPHONEOS_DEPLOYMENT_TARGET = 11.2;
				MTL_ENABLE_DEBUG_INFO = NO;
				SDKROOT = iphoneos;
				VALIDATE_PRODUCT = YES;
			};
			name = Release;
		};
		65931FE720A5775F006BB8FA /* Debug */ = {
			isa = XCBuildConfiguration;
			buildSettings = {
				ASSETCATALOG_COMPILER_APPICON_NAME = AppIcon;
				CODE_SIGN_STYLE = Automatic;
				DEVELOPMENT_TEAM = 26QGR75XUB;
				INFOPLIST_FILE = Sanbox/Info.plist;
				IPHONEOS_DEPLOYMENT_TARGET = 10.0;
				LD_RUNPATH_SEARCH_PATHS = "$(inherited) @executable_path/Frameworks";
				PRODUCT_BUNDLE_IDENTIFIER = com.test.IntelligenceCommunity.Sanbox;
				PRODUCT_NAME = "$(TARGET_NAME)";
				TARGETED_DEVICE_FAMILY = "1,2";
			};
			name = Debug;
		};
		65931FE820A5775F006BB8FA /* Release */ = {
			isa = XCBuildConfiguration;
			buildSettings = {
				ASSETCATALOG_COMPILER_APPICON_NAME = AppIcon;
				CODE_SIGN_STYLE = Automatic;
				DEVELOPMENT_TEAM = 26QGR75XUB;
				INFOPLIST_FILE = Sanbox/Info.plist;
				IPHONEOS_DEPLOYMENT_TARGET = 10.0;
				LD_RUNPATH_SEARCH_PATHS = "$(inherited) @executable_path/Frameworks";
				PRODUCT_BUNDLE_IDENTIFIER = com.test.IntelligenceCommunity.Sanbox;
				PRODUCT_NAME = "$(TARGET_NAME)";
				TARGETED_DEVICE_FAMILY = "1,2";
			};
			name = Release;
		};
		65931FEA20A5775F006BB8FA /* Debug */ = {
			isa = XCBuildConfiguration;
			buildSettings = {
				BUNDLE_LOADER = "$(TEST_HOST)";
				CODE_SIGN_STYLE = Automatic;
				DEVELOPMENT_TEAM = 26QGR75XUB;
				INFOPLIST_FILE = SanboxTests/Info.plist;
				LD_RUNPATH_SEARCH_PATHS = "$(inherited) @executable_path/Frameworks @loader_path/Frameworks";
				PRODUCT_BUNDLE_IDENTIFIER = com.test.IntelligenceCommunity.SanboxTests;
				PRODUCT_NAME = "$(TARGET_NAME)";
				TARGETED_DEVICE_FAMILY = "1,2";
				TEST_HOST = "$(BUILT_PRODUCTS_DIR)/Sanbox.app/Sanbox";
			};
			name = Debug;
		};
		65931FEB20A5775F006BB8FA /* Release */ = {
			isa = XCBuildConfiguration;
			buildSettings = {
				BUNDLE_LOADER = "$(TEST_HOST)";
				CODE_SIGN_STYLE = Automatic;
				DEVELOPMENT_TEAM = 26QGR75XUB;
				INFOPLIST_FILE = SanboxTests/Info.plist;
				LD_RUNPATH_SEARCH_PATHS = "$(inherited) @executable_path/Frameworks @loader_path/Frameworks";
				PRODUCT_BUNDLE_IDENTIFIER = com.test.IntelligenceCommunity.SanboxTests;
				PRODUCT_NAME = "$(TARGET_NAME)";
				TARGETED_DEVICE_FAMILY = "1,2";
				TEST_HOST = "$(BUILT_PRODUCTS_DIR)/Sanbox.app/Sanbox";
			};
			name = Release;
		};
		65931FED20A5775F006BB8FA /* Debug */ = {
			isa = XCBuildConfiguration;
			buildSettings = {
				CODE_SIGN_STYLE = Automatic;
				DEVELOPMENT_TEAM = 26QGR75XUB;
				INFOPLIST_FILE = SanboxUITests/Info.plist;
				LD_RUNPATH_SEARCH_PATHS = "$(inherited) @executable_path/Frameworks @loader_path/Frameworks";
				PRODUCT_BUNDLE_IDENTIFIER = com.test.IntelligenceCommunity.SanboxUITests;
				PRODUCT_NAME = "$(TARGET_NAME)";
				TARGETED_DEVICE_FAMILY = "1,2";
				TEST_TARGET_NAME = Sanbox;
			};
			name = Debug;
		};
		65931FEE20A5775F006BB8FA /* Release */ = {
			isa = XCBuildConfiguration;
			buildSettings = {
				CODE_SIGN_STYLE = Automatic;
				DEVELOPMENT_TEAM = 26QGR75XUB;
				INFOPLIST_FILE = SanboxUITests/Info.plist;
				LD_RUNPATH_SEARCH_PATHS = "$(inherited) @executable_path/Frameworks @loader_path/Frameworks";
				PRODUCT_BUNDLE_IDENTIFIER = com.test.IntelligenceCommunity.SanboxUITests;
				PRODUCT_NAME = "$(TARGET_NAME)";
				TARGETED_DEVICE_FAMILY = "1,2";
				TEST_TARGET_NAME = Sanbox;
			};
			name = Release;
		};
/* End XCBuildConfiguration section */

/* Begin XCConfigurationList section */
		65931FB520A5775F006BB8FA /* Build configuration list for PBXProject "Sanbox" */ = {
			isa = XCConfigurationList;
			buildConfigurations = (
				65931FE420A5775F006BB8FA /* Debug */,
				65931FE520A5775F006BB8FA /* Release */,
			);
			defaultConfigurationIsVisible = 0;
			defaultConfigurationName = Release;
		};
		65931FE620A5775F006BB8FA /* Build configuration list for PBXNativeTarget "Sanbox" */ = {
			isa = XCConfigurationList;
			buildConfigurations = (
				65931FE720A5775F006BB8FA /* Debug */,
				65931FE820A5775F006BB8FA /* Release */,
			);
			defaultConfigurationIsVisible = 0;
			defaultConfigurationName = Release;
		};
		65931FE920A5775F006BB8FA /* Build configuration list for PBXNativeTarget "SanboxTests" */ = {
			isa = XCConfigurationList;
			buildConfigurations = (
				65931FEA20A5775F006BB8FA /* Debug */,
				65931FEB20A5775F006BB8FA /* Release */,
			);
			defaultConfigurationIsVisible = 0;
			defaultConfigurationName = Release;
		};
		65931FEC20A5775F006BB8FA /* Build configuration list for PBXNativeTarget "SanboxUITests" */ = {
			isa = XCConfigurationList;
			buildConfigurations = (
				65931FED20A5775F006BB8FA /* Debug */,
				65931FEE20A5775F006BB8FA /* Release */,
			);
			defaultConfigurationIsVisible = 0;
			defaultConfigurationName = Release;
		};
/* End XCConfigurationList section */
	};
	rootObject = 65931FB220A5775F006BB8FA /* Project object */;
}
